
Microsoft Visual Studio Solution File, Format Version 12.00
# Visual Studio 2013
VisualStudioVersion = 12.0.30324.0
MinimumVisualStudioVersion = 10.0.40219.1
Project("{FAE04EC0-301F-11D3-BF4B-00C04F79EFBC}") = "Path", "Path\Path.csproj", "{2D33C591-C85F-435E-888A-D3251EAA8662}"
EndProject
Project("{FAE04EC0-301F-11D3-BF4B-00C04F79EFBC}") = "PathTest", "PathTest\PathTest.csproj", "{464CF803-655D-4B04-9977-20AD64958282}"
EndProject
Global
	GlobalSection(SolutionConfigurationPlatforms) = preSolution
		Debug|Any CPU = Debug|Any CPU
		Release|Any CPU = Release|Any CPU
	EndGlobalSection
	GlobalSection(ProjectConfigurationPlatforms) = postSolution
		{2D33C591-C85F-435E-888A-D3251EAA8662}.Debug|Any CPU.ActiveCfg = Debug|Any CPU
		{2D33C591-C85F-435E-888A-D3251EAA8662}.Debug|Any CPU.Build.0 = Debug|Any CPU
		{2D33C591-C85F-435E-888A-D3251EAA8662}.Release|Any CPU.ActiveCfg = Release|Any CPU
		{2D33C591-C85F-435E-888A-D3251EAA8662}.Release|Any CPU.Build.0 = Release|Any CPU
		{464CF803-655D-4B04-9977-20AD64958282}.Debug|Any CPU.ActiveCfg = Debug|Any CPU
		{464CF803-655D-4B04-9977-20AD64958282}.Debug|Any CPU.Build.0 = Debug|Any CPU
		{464CF803-655D-4B04-9977-20AD64958282}.Release|Any CPU.ActiveCfg = Release|Any CPU
		{464CF803-655D-4B04-9977-20AD64958282}.Release|Any CPU.Build.0 = Release|Any CPU
	EndGlobalSection
	GlobalSection(SolutionProperties) = preSolution
		HideSolutionNode = FALSE
	EndGlobalSection
EndGlobal
